// !$*UTF8*$!
{
	archiveVersion = 1;
	classes = {
	};
	objectVersion = 46;
	objects = {

/* Begin PBXBuildFile section */
		33D1F64F1EDD5290001B930F /* AppDelegate.swift in Sources */ = {isa = PBXBuildFile; fileRef = 33D1F64E1EDD5290001B930F /* AppDelegate.swift */; };
		33D1F6511EDD5290001B930F /* ViewController.swift in Sources */ = {isa = PBXBuildFile; fileRef = 33D1F6501EDD5290001B930F /* ViewController.swift */; };
		33D1F6541EDD5290001B930F /* Main.storyboard in Resources */ = {isa = PBXBuildFile; fileRef = 33D1F6521EDD5290001B930F /* Main.storyboard */; };
		33D1F6561EDD5290001B930F /* Assets.xcassets in Resources */ = {isa = PBXBuildFile; fileRef = 33D1F6551EDD5290001B930F /* Assets.xcassets */; };
		33D1F6591EDD5290001B930F /* LaunchScreen.storyboard in Resources */ = {isa = PBXBuildFile; fileRef = 33D1F6571EDD5290001B930F /* LaunchScreen.storyboard */; };
		33D1F6611EDD64C9001B930F /* music.mp3 in Resources */ = {isa = PBXBuildFile; fileRef = 33D1F6601EDD64C9001B930F /* music.mp3 */; };
		33D1F6641EDD7C62001B930F /* AVFoundation.framework in Frameworks */ = {isa = PBXBuildFile; fileRef = 33D1F6631EDD7C62001B930F /* AVFoundation.framework */; };
		33D1F6681EDD95B3001B930F /* PitchViewController.swift in Sources */ = {isa = PBXBuildFile; fileRef = 33D1F6671EDD95B3001B930F /* PitchViewController.swift */; };
/* End PBXBuildFile section */

/* Begin PBXFileReference section */
		33D1F64B1EDD5290001B930F /* PlayClass.app */ = {isa = PBXFileReference; explicitFileType = wrapper.application; includeInIndex = 0; path = PlayClass.app; sourceTree = BUILT_PRODUCTS_DIR; };
		33D1F64E1EDD5290001B930F /* AppDelegate.swift */ = {isa = PBXFileReference; lastKnownFileType = sourcecode.swift; path = AppDelegate.swift; sourceTree = "<group>"; };
		33D1F6501EDD5290001B930F /* ViewController.swift */ = {isa = PBXFileReference; lastKnownFileType = sourcecode.swift; path = ViewController.swift; sourceTree = "<group>"; };
		33D1F6531EDD5290001B930F /* Base */ = {isa = PBXFileReference; lastKnownFileType = file.storyboard; name = Base; path = Base.lproj/Main.storyboard; sourceTree = "<group>"; };
		33D1F6551EDD5290001B930F /* Assets.xcassets */ = {isa = PBXFileReference; lastKnownFileType = folder.assetcatalog; path = Assets.xcassets; sourceTree = "<group>"; };
		33D1F6581EDD5290001B930F /* Base */ = {isa = PBXFileReference; lastKnownFileType = file.storyboard; name = Base; path = Base.lproj/LaunchScreen.storyboard; sourceTree = "<group>"; };
		33D1F65A1EDD5290001B930F /* Info.plist */ = {isa = PBXFileReference; lastKnownFileType = text.plist.xml; path = Info.plist; sourceTree = "<group>"; };
		33D1F6601EDD64C9001B930F /* music.mp3 */ = {isa = PBXFileReference; lastKnownFileType = audio.mp3; path = music.mp3; sourceTree = "<group>"; };
		33D1F6631EDD7C62001B930F /* AVFoundation.framework */ = {isa = PBXFileReference; lastKnownFileType = wrapper.framework; name = AVFoundation.framework; path = System/Library/Frameworks/AVFoundation.framework; sourceTree = SDKROOT; };
		33D1F6671EDD95B3001B930F /* PitchViewController.swift */ = {isa = PBXFileReference; fileEncoding = 4; lastKnownFileType = sourcecode.swift; path = PitchViewController.swift; sourceTree = "<group>"; };
/* End PBXFileReference section */

/* Begin PBXFrameworksBuildPhase section */
		33D1F6481EDD5290001B930F /* Frameworks */ = {
			isa = PBXFrameworksBuildPhase;
			buildActionMask = 2147483647;
			files = (
				33D1F6641EDD7C62001B930F /* AVFoundation.framework in Frameworks */,
			);
			runOnlyForDeploymentPostprocessing = 0;
		};
/* End PBXFrameworksBuildPhase section */

/* Begin PBXGroup section */
		33D1F6421EDD5290001B930F = {
			isa = PBXGroup;
			children = (
				33D1F64D1EDD5290001B930F /* PlayClass */,
				33D1F64C1EDD5290001B930F /* Products */,
				33D1F6621EDD7C62001B930F /* Frameworks */,
			);
			sourceTree = "<group>";
		};
		33D1F64C1EDD5290001B930F /* Products */ = {
			isa = PBXGroup;
			children = (
				33D1F64B1EDD5290001B930F /* PlayClass.app */,
			);
			name = Products;
			sourceTree = "<group>";
		};
		33D1F64D1EDD5290001B930F /* PlayClass */ = {
			isa = PBXGroup;
			children = (
				33D1F64E1EDD5290001B930F /* AppDelegate.swift */,
				33D1F6501EDD5290001B930F /* ViewController.swift */,
				33D1F6671EDD95B3001B930F /* PitchViewController.swift */,
				33D1F6601EDD64C9001B930F /* music.mp3 */,
				33D1F6521EDD5290001B930F /* Main.storyboard */,
				33D1F6551EDD5290001B930F /* Assets.xcassets */,
				33D1F6571EDD5290001B930F /* LaunchScreen.storyboard */,
				33D1F65A1EDD5290001B930F /* Info.plist */,
			);
			path = PlayClass;
			sourceTree = "<group>";
		};
		33D1F6621EDD7C62001B930F /* Frameworks */ = {
			isa = PBXGroup;
			children = (
				33D1F6631EDD7C62001B930F /* AVFoundation.framework */,
			);
			name = Frameworks;
			sourceTree = "<group>";
		};
/* End PBXGroup section */

/* Begin PBXNativeTarget section */
		33D1F64A1EDD5290001B930F /* PlayClass */ = {
			isa = PBXNativeTarget;
			buildConfigurationList = 33D1F65D1EDD5290001B930F /* Build configuration list for PBXNativeTarget "PlayClass" */;
			buildPhases = (
				33D1F6471EDD5290001B930F /* Sources */,
				33D1F6481EDD5290001B930F /* Frameworks */,
				33D1F6491EDD5290001B930F /* Resources */,
			);
			buildRules = (
			);
			dependencies = (
			);
			name = PlayClass;
			productName = PlayClass;
			productReference = 33D1F64B1EDD5290001B930F /* PlayClass.app */;
			productType = "com.apple.product-type.application";
		};
/* End PBXNativeTarget section */

/* Begin PBXProject section */
		33D1F6431EDD5290001B930F /* Project object */ = {
			isa = PBXProject;
			attributes = {
				LastSwiftUpdateCheck = 0830;
				LastUpgradeCheck = 0830;
				ORGANIZATIONNAME = "Sanjana Sarkar";
				TargetAttributes = {
					33D1F64A1EDD5290001B930F = {
						CreatedOnToolsVersion = 8.3.2;
						DevelopmentTeam = HK5GF5SL2X;
						ProvisioningStyle = Automatic;
					};
				};
			};
			buildConfigurationList = 33D1F6461EDD5290001B930F /* Build configuration list for PBXProject "PlayClass" */;
			compatibilityVersion = "Xcode 3.2";
			developmentRegion = English;
			hasScannedForEncodings = 0;
			knownRegions = (
				en,
				Base,
			);
			mainGroup = 33D1F6421EDD5290001B930F;
			productRefGroup = 33D1F64C1EDD5290001B930F /* Products */;
			projectDirPath = "";
			projectRoot = "";
			targets = (
				33D1F64A1EDD5290001B930F /* PlayClass */,
			);
		};
/* End PBXProject section */

/* Begin PBXResourcesBuildPhase section */
		33D1F6491EDD5290001B930F /* Resources */ = {
			isa = PBXResourcesBuildPhase;
			buildActionMask = 2147483647;
			files = (
				33D1F6591EDD5290001B930F /* LaunchScreen.storyboard in Resources */,
				33D1F6561EDD5290001B930F /* Assets.xcassets in Resources */,
				33D1F6611EDD64C9001B930F /* music.mp3 in Resources */,
				33D1F6541EDD5290001B930F /* Main.storyboard in Resources */,
			);
			runOnlyForDeploymentPostprocessing = 0;
		};
/* End PBXResourcesBuildPhase section */

/* Begin PBXSourcesBuildPhase section */
		33D1F6471EDD5290001B930F /* Sources */ = {
			isa = PBXSourcesBuildPhase;
			buildActionMask = 2147483647;
			files = (
				33D1F6511EDD5290001B930F /* ViewController.swift in Sources */,
				33D1F64F1EDD5290001B930F /* AppDelegate.swift in Sources */,
				33D1F6681EDD95B3001B930F /* PitchViewController.swift in Sources */,
			);
			runOnlyForDeploymentPostprocessing = 0;
		};
/* End PBXSourcesBuildPhase section */

/* Begin PBXVariantGroup section */
		33D1F6521EDD5290001B930F /* Main.storyboard */ = {
			isa = PBXVariantGroup;
			children = (
				33D1F6531EDD5290001B930F /* Base */,
			);
			name = Main.storyboard;
			sourceTree = "<group>";
		};
		33D1F6571EDD5290001B930F /* LaunchScreen.storyboard */ = {
			isa = PBXVariantGroup;
			children = (
				33D1F6581EDD5290001B930F /* Base */,
			);
			name = LaunchScreen.storyboard;
			sourceTree = "<group>";
		};
/* End PBXVariantGroup section */

/* Begin XCBuildConfiguration section */
		33D1F65B1EDD5290001B930F /* Debug */ = {
			isa = XCBuildConfiguration;
			buildSettings = {
				ALWAYS_SEARCH_USER_PATHS = NO;
				CLANG_ANALYZER_NONNULL = YES;
				CLANG_ANALYZER_NUMBER_OBJECT_CONVERSION = YES_AGGRESSIVE;
				CLANG_CXX_LANGUAGE_STANDARD = "gnu++0x";
				CLANG_CXX_LIBRARY = "libc++";
				CLANG_ENABLE_MODULES = YES;
				CLANG_ENABLE_OBJC_ARC = YES;
				CLANG_WARN_BOOL_CONVERSION = YES;
				CLANG_WARN_CONSTANT_CONVERSION = YES;
				CLANG_WARN_DIRECT_OBJC_ISA_USAGE = YES_ERROR;
				CLANG_WARN_DOCUMENTATION_COMMENTS = YES;
				CLANG_WARN_EMPTY_BODY = YES;
				CLANG_WARN_ENUM_CONVERSION = YES;
				CLANG_WARN_INFINITE_RECURSION = YES;
				CLANG_WARN_INT_CONVERSION = YES;
				CLANG_WARN_OBJC_ROOT_CLASS = YES_ERROR;
				CLANG_WARN_SUSPICIOUS_MOVE = YES;
				CLANG_WARN_UNREACHABLE_CODE = YES;
				CLANG_WARN__DUPLICATE_METHOD_MATCH = YES;
				"CODE_SIGN_IDENTITY[sdk=iphoneos*]" = "iPhone Developer";
				COPY_PHASE_STRIP = NO;
				DEBUG_INFORMATION_FORMAT = dwarf;
				ENABLE_STRICT_OBJC_MSGSEND = YES;
				ENABLE_TESTABILITY = YES;
				GCC_C_LANGUAGE_STANDARD = gnu99;
				GCC_DYNAMIC_NO_PIC = NO;
				GCC_NO_COMMON_BLOCKS = YES;
				GCC_OPTIMIZATION_LEVEL = 0;
				GCC_PREPROCESSOR_DEFINITIONS = (
					"DEBUG=1",
					"$(inherited)",
				);
				GCC_WARN_64_TO_32_BIT_CONVERSION = YES;
				GCC_WARN_ABOUT_RETURN_TYPE = YES_ERROR;
				GCC_WARN_UNDECLARED_SELECTOR = YES;
				GCC_WARN_UNINITIALIZED_AUTOS = YES_AGGRESSIVE;
				GCC_WARN_UNUSED_FUNCTION = YES;
				GCC_WARN_UNUSED_VARIABLE = YES;
				IPHONEOS_DEPLOYMENT_TARGET = 10.3;
				MTL_ENABLE_DEBUG_INFO = YES;
				ONLY_ACTIVE_ARCH = YES;
				SDKROOT = iphoneos;
				SWIFT_ACTIVE_COMPILATION_CONDITIONS = DEBUG;
				SWIFT_OPTIMIZATION_LEVEL = "-Onone";
				TARGETED_DEVICE_FAMILY = "1,2";
			};
			name = Debug;
		};
		33D1F65C1EDD5290001B930F /* Release */ = {
			isa = XCBuildConfiguration;
			buildSettings = {
				ALWAYS_SEARCH_USER_PATHS = NO;
				CLANG_ANALYZER_NONNULL = YES;
				CLANG_ANALYZER_NUMBER_OBJECT_CONVERSION = YES_AGGRESSIVE;
				CLANG_CXX_LANGUAGE_STANDARD = "gnu++0x";
				CLANG_CXX_LIBRARY = "libc++";
				CLANG_ENABLE_MODULES = YES;
				CLANG_ENABLE_OBJC_ARC = YES;
				CLANG_WARN_BOOL_CONVERSION = YES;
				CLANG_WARN_CONSTANT_CONVERSION = YES;
				CLANG_WARN_DIRECT_OBJC_ISA_USAGE = YES_ERROR;
				CLANG_WARN_DOCUMENTATION_COMMENTS = YES;
				CLANG_WARN_EMPTY_BODY = YES;
				CLANG_WARN_ENUM_CONVERSION = YES;
				CLANG_WARN_INFINITE_RECURSION = YES;
				CLANG_WARN_INT_CONVERSION = YES;
				CLANG_WARN_OBJC_ROOT_CLASS = YES_ERROR;
				CLANG_WARN_SUSPICIOUS_MOVE = YES;
				CLANG_WARN_UNREACHABLE_CODE = YES;
				CLANG_WARN__DUPLICATE_METHOD_MATCH = YES;
				"CODE_SIGN_IDENTITY[sdk=iphoneos*]" = "iPhone Developer";
				COPY_PHASE_STRIP = NO;
				DEBUG_INFORMATION_FORMAT = "dwarf-with-dsym";
				ENABLE_NS_ASSERTIONS = NO;
				ENABLE_STRICT_OBJC_MSGSEND = YES;
				GCC_C_LANGUAGE_STANDARD = gnu99;
				GCC_NO_COMMON_BLOCKS = YES;
				GCC_WARN_64_TO_32_BIT_CONVERSION = YES;
				GCC_WARN_ABOUT_RETURN_TYPE = YES_ERROR;
				GCC_WARN_UNDECLARED_SELECTOR = YES;
				GCC_WARN_UNINITIALIZED_AUTOS = YES_AGGRESSIVE;
				GCC_WARN_UNUSED_FUNCTION = YES;
				GCC_WARN_UNUSED_VARIABLE = YES;
				IPHONEOS_DEPLOYMENT_TARGET = 10.3;
				MTL_ENABLE_DEBUG_INFO = NO;
				SDKROOT = iphoneos;
				SWIFT_OPTIMIZATION_LEVEL = "-Owholemodule";
				TARGETED_DEVICE_FAMILY = "1,2";
				VALIDATE_PRODUCT = YES;
			};
			name = Release;
		};
		33D1F65E1EDD5290001B930F /* Debug */ = {
			isa = XCBuildConfiguration;
			buildSettings = {
				ASSETCATALOG_COMPILER_APPICON_NAME = AppIcon;
				DEVELOPMENT_TEAM = HK5GF5SL2X;
				INFOPLIST_FILE = PlayClass/Info.plist;
				IPHONEOS_DEPLOYMENT_TARGET = 10.3;
				LD_RUNPATH_SEARCH_PATHS = "$(inherited) @executable_path/Frameworks";
				PRODUCT_BUNDLE_IDENTIFIER = "Sanjana-Sarkar.PlayClass";
				PRODUCT_NAME = "$(TARGET_NAME)";
				SWIFT_VERSION = 3.0;
			};
			name = Debug;
		};
		33D1F65F1EDD5290001B930F /* Release */ = {
			isa = XCBuildConfiguration;
			buildSettings = {
				ASSETCATALOG_COMPILER_APPICON_NAME = AppIcon;
				DEVELOPMENT_TEAM = HK5GF5SL2X;
				INFOPLIST_FILE = PlayClass/Info.plist;
				IPHONEOS_DEPLOYMENT_TARGET = 10.3;
				LD_RUNPATH_SEARCH_PATHS = "$(inherited) @executable_path/Frameworks";
				PRODUCT_BUNDLE_IDENTIFIER = "Sanjana-Sarkar.PlayClass";
				PRODUCT_NAME = "$(TARGET_NAME)";
				SWIFT_VERSION = 3.0;
			};
			name = Release;
		};
/* End XCBuildConfiguration section */

/* Begin XCConfigurationList section */
		33D1F6461EDD5290001B930F /* Build configuration list for PBXProject "PlayClass" */ = {
			isa = XCConfigurationList;
			buildConfigurations = (
				33D1F65B1EDD5290001B930F /* Debug */,
				33D1F65C1EDD5290001B930F /* Release */,
			);
			defaultConfigurationIsVisible = 0;
			defaultConfigurationName = Release;
		};
		33D1F65D1EDD5290001B930F /* Build configuration list for PBXNativeTarget "PlayClass" */ = {
			isa = XCConfigurationList;
			buildConfigurations = (
				33D1F65E1EDD5290001B930F /* Debug */,
				33D1F65F1EDD5290001B930F /* Release */,
			);
			defaultConfigurationIsVisible = 0;
			defaultConfigurationName = Release;
		};
/* End XCConfigurationList section */
	};
	rootObject = 33D1F6431EDD5290001B930F /* Project object */;
}
